Microsoft Visual Studio Solution File, Format Version 12.00
# Visual Studio Version 17
VisualStudioVersion = 17.5.2.0
MinimumVisualStudioVersion = 10.0.40219.1
Project("{FAE04EC0-301F-11D3-BF4B-00C04F79EFBC}") = "StaticProgram", "StaticProgram.csproj", "{63CEC99C-B5B2-27A1-7BC3-BA349EFEA765}"
EndProject
Global
	GlobalSection(SolutionConfigurationPlatforms) = preSolution
		Debug|Any CPU = Debug|Any CPU
		Release|Any CPU = Release|Any CPU
	EndGlobalSection
	GlobalSection(ProjectConfigurationPlatforms) = postSolution
		{63CEC99C-B5B2-27A1-7BC3-BA349EFEA765}.Debug|Any CPU.ActiveCfg = Debug|Any CPU
		{63CEC99C-B5B2-27A1-7BC3-BA349EFEA765}.Debug|Any CPU.Build.0 = Debug|Any CPU
		{63CEC99C-B5B2-27A1-7BC3-BA349EFEA765}.Release|Any CPU.ActiveCfg = Release|Any CPU
		{63CEC99C-B5B2-27A1-7BC3-BA349EFEA765}.Release|Any CPU.Build.0 = Release|Any CPU
	EndGlobalSection
	GlobalSection(SolutionProperties) = preSolution
		HideSolutionNode = FALSE
	EndGlobalSection
	GlobalSection(ExtensibilityGlobals) = postSolution
		SolutionGuid = {789A0834-2617-4594-8DF3-6DABC9206F87}
	EndGlobalSection
EndGlobal
